
Microsoft Visual Studio Solution File, Format Version 12.00
# Visual Studio Version 17
VisualStudioVersion = 17.4.33122.133
MinimumVisualStudioVersion = 10.0.40219.1
Project("{FAE04EC0-301F-11D3-BF4B-00C04F79EFBC}") = "zplPrint", "zplPrint\zplPrint.csproj", "{A6429334-F568-413D-A735-7EAEF31972EC}"
EndProject
Global
	GlobalSection(SolutionConfigurationPlatforms) = preSolution
		Debug|Any CPU = Debug|Any CPU
		Release|Any CPU = Release|Any CPU
	EndGlobalSection
	GlobalSection(ProjectConfigurationPlatforms) = postSolution
		{A6429334-F568-413D-A735-7EAEF31972EC}.Debug|Any CPU.ActiveCfg = Debug|Any CPU
		{A6429334-F568-413D-A735-7EAEF31972EC}.Debug|Any CPU.Build.0 = Debug|Any CPU
		{A6429334-F568-413D-A735-7EAEF31972EC}.Release|Any CPU.ActiveCfg = Release|Any CPU
		{A6429334-F568-413D-A735-7EAEF31972EC}.Release|Any CPU.Build.0 = Release|Any CPU
	EndGlobalSection
	GlobalSection(SolutionProperties) = preSolution
		HideSolutionNode = FALSE
	EndGlobalSection
	GlobalSection(ExtensibilityGlobals) = postSolution
		SolutionGuid = {F3720FF1-494A-461B-960E-6A96F1562776}
	EndGlobalSection
EndGlobal
